
Microsoft Visual Studio Solution File, Format Version 12.00
# Visual Studio Version 17
VisualStudioVersion = 17.1.32319.34
MinimumVisualStudioVersion = 10.0.40219.1
Project("{FAE04EC0-301F-11D3-BF4B-00C04F79EFBC}") = "Task11", "Task11.csproj", "{9F1BECF4-98B4-4481-AD03-20EE0464D387}"
EndProject
Global
	GlobalSection(SolutionConfigurationPlatforms) = preSolution
		Debug|Any CPU = Debug|Any CPU
		Release|Any CPU = Release|Any CPU
	EndGlobalSection
	GlobalSection(ProjectConfigurationPlatforms) = postSolution
		{9F1BECF4-98B4-4481-AD03-20EE0464D387}.Debug|Any CPU.ActiveCfg = Debug|Any CPU
		{9F1BECF4-98B4-4481-AD03-20EE0464D387}.Debug|Any CPU.Build.0 = Debug|Any CPU
		{9F1BECF4-98B4-4481-AD03-20EE0464D387}.Release|Any CPU.ActiveCfg = Release|Any CPU
		{9F1BECF4-98B4-4481-AD03-20EE0464D387}.Release|Any CPU.Build.0 = Release|Any CPU
	EndGlobalSection
	GlobalSection(SolutionProperties) = preSolution
		HideSolutionNode = FALSE
	EndGlobalSection
	GlobalSection(ExtensibilityGlobals) = postSolution
		SolutionGuid = {CC35ECC7-DB41-4595-B536-D9EBCFCD2B0E}
	EndGlobalSection
EndGlobal
